
Microsoft Visual Studio Solution File, Format Version 12.00
# Visual Studio Version 17
VisualStudioVersion = 17.1.32319.34
MinimumVisualStudioVersion = 10.0.40219.1
Project("{9A19103F-16F7-4668-BE54-9A1E7A4F7556}") = "RewardsProgram", "RewardsProgram\RewardsProgram.csproj", "{45670E1B-A64C-4D73-B27E-EE7B840DD7AE}"
EndProject
Project("{9A19103F-16F7-4668-BE54-9A1E7A4F7556}") = "RewardsProgramTests", "RewardsProgramTests\RewardsProgramTests.csproj", "{A3FFC20E-9AAA-460A-8C30-9FCC4B9051E7}"
EndProject
Global
	GlobalSection(SolutionConfigurationPlatforms) = preSolution
		Debug|Any CPU = Debug|Any CPU
		Release|Any CPU = Release|Any CPU
	EndGlobalSection
	GlobalSection(ProjectConfigurationPlatforms) = postSolution
		{45670E1B-A64C-4D73-B27E-EE7B840DD7AE}.Debug|Any CPU.ActiveCfg = Debug|Any CPU
		{45670E1B-A64C-4D73-B27E-EE7B840DD7AE}.Debug|Any CPU.Build.0 = Debug|Any CPU
		{45670E1B-A64C-4D73-B27E-EE7B840DD7AE}.Release|Any CPU.ActiveCfg = Release|Any CPU
		{45670E1B-A64C-4D73-B27E-EE7B840DD7AE}.Release|Any CPU.Build.0 = Release|Any CPU
		{A3FFC20E-9AAA-460A-8C30-9FCC4B9051E7}.Debug|Any CPU.ActiveCfg = Debug|Any CPU
		{A3FFC20E-9AAA-460A-8C30-9FCC4B9051E7}.Debug|Any CPU.Build.0 = Debug|Any CPU
		{A3FFC20E-9AAA-460A-8C30-9FCC4B9051E7}.Release|Any CPU.ActiveCfg = Release|Any CPU
		{A3FFC20E-9AAA-460A-8C30-9FCC4B9051E7}.Release|Any CPU.Build.0 = Release|Any CPU
	EndGlobalSection
	GlobalSection(SolutionProperties) = preSolution
		HideSolutionNode = FALSE
	EndGlobalSection
	GlobalSection(ExtensibilityGlobals) = postSolution
		SolutionGuid = {34868541-E39B-446C-935B-C0F838B5DEC3}
	EndGlobalSection
EndGlobal
